// !$*UTF8*$!
{
	archiveVersion = 1;
	classes = {
	};
	objectVersion = 55;
	objects = {

/* Begin PBXBuildFile section */
		045617BF40935E77005B8220 /* AppDelegate.swift in Sources */ = {isa = PBXBuildFile; fileRef = 045617BE40935E77005B8220 /* AppDelegate.swift */; };
		045617C140935E77005B8220 /* SceneDelegate.swift in Sources */ = {isa = PBXBuildFile; fileRef = 045617C040935E77005B8220 /* SceneDelegate.swift */; };
		045617C340935E77005B8220 /* ViewController.swift in Sources */ = {isa = PBXBuildFile; fileRef = 045617C240935E77005B8220 /* ViewController.swift */; };
		045617C640935E77005B8220 /* Main.storyboard in Resources */ = {isa = PBXBuildFile; fileRef = 045617C440935E77005B8220 /* Main.storyboard */; };
		045617C840935E79005B8220 /* Assets.xcassets in Resources */ = {isa = PBXBuildFile; fileRef = 045617C740935E79005B8220 /* Assets.xcassets */; };
		045617CB40935E79005B8220 /* LaunchScreen.storyboard in Resources */ = {isa = PBXBuildFile; fileRef = 045617C940935E79005B8220 /* LaunchScreen.storyboard */; };
		045617D640935E7A005B8220 /* BackwordDataPassingModelClassClosureTests.swift in Sources */ = {isa = PBXBuildFile; fileRef = 045617D540935E7A005B8220 /* BackwordDataPassingModelClassClosureTests.swift */; };
		045617E040935E7A005B8220 /* BackwordDataPassingModelClassClosureUITests.swift in Sources */ = {isa = PBXBuildFile; fileRef = 045617DF40935E7A005B8220 /* BackwordDataPassingModelClassClosureUITests.swift */; };
		045617E240935E7A005B8220 /* BackwordDataPassingModelClassClosureUITestsLaunchTests.swift in Sources */ = {isa = PBXBuildFile; fileRef = 045617E140935E7A005B8220 /* BackwordDataPassingModelClassClosureUITestsLaunchTests.swift */; };
		045617F040935FA0005B8220 /* StudentTableViewCell.swift in Sources */ = {isa = PBXBuildFile; fileRef = 045617EE40935FA0005B8220 /* StudentTableViewCell.swift */; };
		045617F140935FA0005B8220 /* StudentTableViewCell.xib in Resources */ = {isa = PBXBuildFile; fileRef = 045617EF40935FA0005B8220 /* StudentTableViewCell.xib */; };
		045617F34093655C005B8220 /* SecondViewController.swift in Sources */ = {isa = PBXBuildFile; fileRef = 045617F24093655C005B8220 /* SecondViewController.swift */; };
		045617F540936917005B8220 /* Student.swift in Sources */ = {isa = PBXBuildFile; fileRef = 045617F440936917005B8220 /* Student.swift */; };
/* End PBXBuildFile section */

/* Begin PBXContainerItemProxy section */
		045617D240935E7A005B8220 /* PBXContainerItemProxy */ = {
			isa = PBXContainerItemProxy;
			containerPortal = 045617B340935E77005B8220 /* Project object */;
			proxyType = 1;
			remoteGlobalIDString = 045617BA40935E77005B8220;
			remoteInfo = BackwordDataPassingModelClassClosure;
		};
		045617DC40935E7A005B8220 /* PBXContainerItemProxy */ = {
			isa = PBXContainerItemProxy;
			containerPortal = 045617B340935E77005B8220 /* Project object */;
			proxyType = 1;
			remoteGlobalIDString = 045617BA40935E77005B8220;
			remoteInfo = BackwordDataPassingModelClassClosure;
		};
/* End PBXContainerItemProxy section */

/* Begin PBXFileReference section */
		045617BB40935E77005B8220 /* BackwordDataPassingModelClassClosure.app */ = {isa = PBXFileReference; explicitFileType = wrapper.application; includeInIndex = 0; path = BackwordDataPassingModelClassClosure.app; sourceTree = BUILT_PRODUCTS_DIR; };
		045617BE40935E77005B8220 /* AppDelegate.swift */ = {isa = PBXFileReference; lastKnownFileType = sourcecode.swift; path = AppDelegate.swift; sourceTree = "<group>"; };
		045617C040935E77005B8220 /* SceneDelegate.swift */ = {isa = PBXFileReference; lastKnownFileType = sourcecode.swift; path = SceneDelegate.swift; sourceTree = "<group>"; };
		045617C240935E77005B8220 /* ViewController.swift */ = {isa = PBXFileReference; lastKnownFileType = sourcecode.swift; path = ViewController.swift; sourceTree = "<group>"; };
		045617C540935E77005B8220 /* Base */ = {isa = PBXFileReference; lastKnownFileType = file.storyboard; name = Base; path = Base.lproj/Main.storyboard; sourceTree = "<group>"; };
		045617C740935E79005B8220 /* Assets.xcassets */ = {isa = PBXFileReference; lastKnownFileType = folder.assetcatalog; path = Assets.xcassets; sourceTree = "<group>"; };
		045617CA40935E79005B8220 /* Base */ = {isa = PBXFileReference; lastKnownFileType = file.storyboard; name = Base; path = Base.lproj/LaunchScreen.storyboard; sourceTree = "<group>"; };
		045617CC40935E79005B8220 /* Info.plist */ = {isa = PBXFileReference; lastKnownFileType = text.plist.xml; path = Info.plist; sourceTree = "<group>"; };
		045617D140935E7A005B8220 /* BackwordDataPassingModelClassClosureTests.xctest */ = {isa = PBXFileReference; explicitFileType = wrapper.cfbundle; includeInIndex = 0; path = BackwordDataPassingModelClassClosureTests.xctest; sourceTree = BUILT_PRODUCTS_DIR; };
		045617D540935E7A005B8220 /* BackwordDataPassingModelClassClosureTests.swift */ = {isa = PBXFileReference; lastKnownFileType = sourcecode.swift; path = BackwordDataPassingModelClassClosureTests.swift; sourceTree = "<group>"; };
		045617DB40935E7A005B8220 /* BackwordDataPassingModelClassClosureUITests.xctest */ = {isa = PBXFileReference; explicitFileType = wrapper.cfbundle; includeInIndex = 0; path = BackwordDataPassingModelClassClosureUITests.xctest; sourceTree = BUILT_PRODUCTS_DIR; };
		045617DF40935E7A005B8220 /* BackwordDataPassingModelClassClosureUITests.swift */ = {isa = PBXFileReference; lastKnownFileType = sourcecode.swift; path = BackwordDataPassingModelClassClosureUITests.swift; sourceTree = "<group>"; };
		045617E140935E7A005B8220 /* BackwordDataPassingModelClassClosureUITestsLaunchTests.swift */ = {isa = PBXFileReference; lastKnownFileType = sourcecode.swift; path = BackwordDataPassingModelClassClosureUITestsLaunchTests.swift; sourceTree = "<group>"; };
		045617EE40935FA0005B8220 /* StudentTableViewCell.swift */ = {isa = PBXFileReference; lastKnownFileType = sourcecode.swift; path = StudentTableViewCell.swift; sourceTree = "<group>"; };
		045617EF40935FA0005B8220 /* StudentTableViewCell.xib */ = {isa = PBXFileReference; lastKnownFileType = file.xib; path = StudentTableViewCell.xib; sourceTree = "<group>"; };
		045617F24093655C005B8220 /* SecondViewController.swift */ = {isa = PBXFileReference; lastKnownFileType = sourcecode.swift; path = SecondViewController.swift; sourceTree = "<group>"; };
		045617F440936917005B8220 /* Student.swift */ = {isa = PBXFileReference; lastKnownFileType = sourcecode.swift; path = Student.swift; sourceTree = "<group>"; };
/* End PBXFileReference section */

/* Begin PBXFrameworksBuildPhase section */
		045617B840935E77005B8220 /* Frameworks */ = {
			isa = PBXFrameworksBuildPhase;
			buildActionMask = 2147483647;
			files = (
			);
			runOnlyForDeploymentPostprocessing = 0;
		};
		045617CE40935E7A005B8220 /* Frameworks */ = {
			isa = PBXFrameworksBuildPhase;
			buildActionMask = 2147483647;
			files = (
			);
			runOnlyForDeploymentPostprocessing = 0;
		};
		045617D840935E7A005B8220 /* Frameworks */ = {
			isa = PBXFrameworksBuildPhase;
			buildActionMask = 2147483647;
			files = (
			);
			runOnlyForDeploymentPostprocessing = 0;
		};
/* End PBXFrameworksBuildPhase section */

/* Begin PBXGroup section */
		045617B240935E77005B8220 = {
			isa = PBXGroup;
			children = (
				045617BD40935E77005B8220 /* BackwordDataPassingModelClassClosure */,
				045617D440935E7A005B8220 /* BackwordDataPassingModelClassClosureTests */,
				045617DE40935E7A005B8220 /* BackwordDataPassingModelClassClosureUITests */,
				045617BC40935E77005B8220 /* Products */,
			);
			sourceTree = "<group>";
		};
		045617BC40935E77005B8220 /* Products */ = {
			isa = PBXGroup;
			children = (
				045617BB40935E77005B8220 /* BackwordDataPassingModelClassClosure.app */,
				045617D140935E7A005B8220 /* BackwordDataPassingModelClassClosureTests.xctest */,
				045617DB40935E7A005B8220 /* BackwordDataPassingModelClassClosureUITests.xctest */,
			);
			name = Products;
			sourceTree = "<group>";
		};
		045617BD40935E77005B8220 /* BackwordDataPassingModelClassClosure */ = {
			isa = PBXGroup;
			children = (
				045617BE40935E77005B8220 /* AppDelegate.swift */,
				045617C040935E77005B8220 /* SceneDelegate.swift */,
				045617C240935E77005B8220 /* ViewController.swift */,
				045617C440935E77005B8220 /* Main.storyboard */,
				045617C740935E79005B8220 /* Assets.xcassets */,
				045617C940935E79005B8220 /* LaunchScreen.storyboard */,
				045617CC40935E79005B8220 /* Info.plist */,
				045617EE40935FA0005B8220 /* StudentTableViewCell.swift */,
				045617EF40935FA0005B8220 /* StudentTableViewCell.xib */,
				045617F24093655C005B8220 /* SecondViewController.swift */,
				045617F440936917005B8220 /* Student.swift */,
			);
			path = BackwordDataPassingModelClassClosure;
			sourceTree = "<group>";
		};
		045617D440935E7A005B8220 /* BackwordDataPassingModelClassClosureTests */ = {
			isa = PBXGroup;
			children = (
				045617D540935E7A005B8220 /* BackwordDataPassingModelClassClosureTests.swift */,
			);
			path = BackwordDataPassingModelClassClosureTests;
			sourceTree = "<group>";
		};
		045617DE40935E7A005B8220 /* BackwordDataPassingModelClassClosureUITests */ = {
			isa = PBXGroup;
			children = (
				045617DF40935E7A005B8220 /* BackwordDataPassingModelClassClosureUITests.swift */,
				045617E140935E7A005B8220 /* BackwordDataPassingModelClassClosureUITestsLaunchTests.swift */,
			);
			path = BackwordDataPassingModelClassClosureUITests;
			sourceTree = "<group>";
		};
/* End PBXGroup section */

/* Begin PBXNativeTarget section */
		045617BA40935E77005B8220 /* BackwordDataPassingModelClassClosure */ = {
			isa = PBXNativeTarget;
			buildConfigurationList = 045617E540935E7A005B8220 /* Build configuration list for PBXNativeTarget "BackwordDataPassingModelClassClosure" */;
			buildPhases = (
				045617B740935E77005B8220 /* Sources */,
				045617B840935E77005B8220 /* Frameworks */,
				045617B940935E77005B8220 /* Resources */,
			);
			buildRules = (
			);
			dependencies = (
			);
			name = BackwordDataPassingModelClassClosure;
			productName = BackwordDataPassingModelClassClosure;
			productReference = 045617BB40935E77005B8220 /* BackwordDataPassingModelClassClosure.app */;
			productType = "com.apple.product-type.application";
		};
		045617D040935E7A005B8220 /* BackwordDataPassingModelClassClosureTests */ = {
			isa = PBXNativeTarget;
			buildConfigurationList = 045617E840935E7A005B8220 /* Build configuration list for PBXNativeTarget "BackwordDataPassingModelClassClosureTests" */;
			buildPhases = (
				045617CD40935E7A005B8220 /* Sources */,
				045617CE40935E7A005B8220 /* Frameworks */,
				045617CF40935E7A005B8220 /* Resources */,
			);
			buildRules = (
			);
			dependencies = (
				045617D340935E7A005B8220 /* PBXTargetDependency */,
			);
			name = BackwordDataPassingModelClassClosureTests;
			productName = BackwordDataPassingModelClassClosureTests;
			productReference = 045617D140935E7A005B8220 /* BackwordDataPassingModelClassClosureTests.xctest */;
			productType = "com.apple.product-type.bundle.unit-test";
		};
		045617DA40935E7A005B8220 /* BackwordDataPassingModelClassClosureUITests */ = {
			isa = PBXNativeTarget;
			buildConfigurationList = 045617EB40935E7A005B8220 /* Build configuration list for PBXNativeTarget "BackwordDataPassingModelClassClosureUITests" */;
			buildPhases = (
				045617D740935E7A005B8220 /* Sources */,
				045617D840935E7A005B8220 /* Frameworks */,
				045617D940935E7A005B8220 /* Resources */,
			);
			buildRules = (
			);
			dependencies = (
				045617DD40935E7A005B8220 /* PBXTargetDependency */,
			);
			name = BackwordDataPassingModelClassClosureUITests;
			productName = BackwordDataPassingModelClassClosureUITests;
			productReference = 045617DB40935E7A005B8220 /* BackwordDataPassingModelClassClosureUITests.xctest */;
			productType = "com.apple.product-type.bundle.ui-testing";
		};
/* End PBXNativeTarget section */

/* Begin PBXProject section */
		045617B340935E77005B8220 /* Project object */ = {
			isa = PBXProject;
			attributes = {
				BuildIndependentTargetsInParallel = 1;
				LastSwiftUpdateCheck = 1340;
				LastUpgradeCheck = 1340;
				TargetAttributes = {
					045617BA40935E77005B8220 = {
						CreatedOnToolsVersion = 13.4.1;
					};
					045617D040935E7A005B8220 = {
						CreatedOnToolsVersion = 13.4.1;
						TestTargetID = 045617BA40935E77005B8220;
					};
					045617DA40935E7A005B8220 = {
						CreatedOnToolsVersion = 13.4.1;
						TestTargetID = 045617BA40935E77005B8220;
					};
				};
			};
			buildConfigurationList = 045617B640935E77005B8220 /* Build configuration list for PBXProject "BackwordDataPassingModelClassClosure" */;
			compatibilityVersion = "Xcode 13.0";
			developmentRegion = en;
			hasScannedForEncodings = 0;
			knownRegions = (
				en,
				Base,
			);
			mainGroup = 045617B240935E77005B8220;
			productRefGroup = 045617BC40935E77005B8220 /* Products */;
			projectDirPath = "";
			projectRoot = "";
			targets = (
				045617BA40935E77005B8220 /* BackwordDataPassingModelClassClosure */,
				045617D040935E7A005B8220 /* BackwordDataPassingModelClassClosureTests */,
				045617DA40935E7A005B8220 /* BackwordDataPassingModelClassClosureUITests */,
			);
		};
/* End PBXProject section */

/* Begin PBXResourcesBuildPhase section */
		045617B940935E77005B8220 /* Resources */ = {
			isa = PBXResourcesBuildPhase;
			buildActionMask = 2147483647;
			files = (
				045617CB40935E79005B8220 /* LaunchScreen.storyboard in Resources */,
				045617C840935E79005B8220 /* Assets.xcassets in Resources */,
				045617C640935E77005B8220 /* Main.storyboard in Resources */,
				045617F140935FA0005B8220 /* StudentTableViewCell.xib in Resources */,
			);
			runOnlyForDeploymentPostprocessing = 0;
		};
		045617CF40935E7A005B8220 /* Resources */ = {
			isa = PBXResourcesBuildPhase;
			buildActionMask = 2147483647;
			files = (
			);
			runOnlyForDeploymentPostprocessing = 0;
		};
		045617D940935E7A005B8220 /* Resources */ = {
			isa = PBXResourcesBuildPhase;
			buildActionMask = 2147483647;
			files = (
			);
			runOnlyForDeploymentPostprocessing = 0;
		};
/* End PBXResourcesBuildPhase section */

/* Begin PBXSourcesBuildPhase section */
		045617B740935E77005B8220 /* Sources */ = {
			isa = PBXSourcesBuildPhase;
			buildActionMask = 2147483647;
			files = (
				045617C340935E77005B8220 /* ViewController.swift in Sources */,
				045617F540936917005B8220 /* Student.swift in Sources */,
				045617BF40935E77005B8220 /* AppDelegate.swift in Sources */,
				045617C140935E77005B8220 /* SceneDelegate.swift in Sources */,
				045617F34093655C005B8220 /* SecondViewController.swift in Sources */,
				045617F040935FA0005B8220 /* StudentTableViewCell.swift in Sources */,
			);
			runOnlyForDeploymentPostprocessing = 0;
		};
		045617CD40935E7A005B8220 /* Sources */ = {
			isa = PBXSourcesBuildPhase;
			buildActionMask = 2147483647;
			files = (
				045617D640935E7A005B8220 /* BackwordDataPassingModelClassClosureTests.swift in Sources */,
			);
			runOnlyForDeploymentPostprocessing = 0;
		};
		045617D740935E7A005B8220 /* Sources */ = {
			isa = PBXSourcesBuildPhase;
			buildActionMask = 2147483647;
			files = (
				045617E240935E7A005B8220 /* BackwordDataPassingModelClassClosureUITestsLaunchTests.swift in Sources */,
				045617E040935E7A005B8220 /* BackwordDataPassingModelClassClosureUITests.swift in Sources */,
			);
			runOnlyForDeploymentPostprocessing = 0;
		};
/* End PBXSourcesBuildPhase section */

/* Begin PBXTargetDependency section */
		045617D340935E7A005B8220 /* PBXTargetDependency */ = {
			isa = PBXTargetDependency;
			target = 045617BA40935E77005B8220 /* BackwordDataPassingModelClassClosure */;
			targetProxy = 045617D240935E7A005B8220 /* PBXContainerItemProxy */;
		};
		045617DD40935E7A005B8220 /* PBXTargetDependency */ = {
			isa = PBXTargetDependency;
			target = 045617BA40935E77005B8220 /* BackwordDataPassingModelClassClosure */;
			targetProxy = 045617DC40935E7A005B8220 /* PBXContainerItemProxy */;
		};
/* End PBXTargetDependency section */

/* Begin PBXVariantGroup section */
		045617C440935E77005B8220 /* Main.storyboard */ = {
			isa = PBXVariantGroup;
			children = (
				045617C540935E77005B8220 /* Base */,
			);
			name = Main.storyboard;
			sourceTree = "<group>";
		};
		045617C940935E79005B8220 /* LaunchScreen.storyboard */ = {
			isa = PBXVariantGroup;
			children = (
				045617CA40935E79005B8220 /* Base */,
			);
			name = LaunchScreen.storyboard;
			sourceTree = "<group>";
		};
/* End PBXVariantGroup section */

/* Begin XCBuildConfiguration section */
		045617E340935E7A005B8220 /* Debug */ = {
			isa = XCBuildConfiguration;
			buildSettings = {
				ALWAYS_SEARCH_USER_PATHS = NO;
				CLANG_ANALYZER_NONNULL = YES;
				CLANG_ANALYZER_NUMBER_OBJECT_CONVERSION = YES_AGGRESSIVE;
				CLANG_CXX_LANGUAGE_STANDARD = "gnu++17";
				CLANG_ENABLE_MODULES = YES;
				CLANG_ENABLE_OBJC_ARC = YES;
				CLANG_ENABLE_OBJC_WEAK = YES;
				CLANG_WARN_BLOCK_CAPTURE_AUTORELEASING = YES;
				CLANG_WARN_BOOL_CONVERSION = YES;
				CLANG_WARN_COMMA = YES;
				CLANG_WARN_CONSTANT_CONVERSION = YES;
				CLANG_WARN_DEPRECATED_OBJC_IMPLEMENTATIONS = YES;
				CLANG_WARN_DIRECT_OBJC_ISA_USAGE = YES_ERROR;
				CLANG_WARN_DOCUMENTATION_COMMENTS = YES;
				CLANG_WARN_EMPTY_BODY = YES;
				CLANG_WARN_ENUM_CONVERSION = YES;
				CLANG_WARN_INFINITE_RECURSION = YES;
				CLANG_WARN_INT_CONVERSION = YES;
				CLANG_WARN_NON_LITERAL_NULL_CONVERSION = YES;
				CLANG_WARN_OBJC_IMPLICIT_RETAIN_SELF = YES;
				CLANG_WARN_OBJC_LITERAL_CONVERSION = YES;
				CLANG_WARN_OBJC_ROOT_CLASS = YES_ERROR;
				CLANG_WARN_QUOTED_INCLUDE_IN_FRAMEWORK_HEADER = YES;
				CLANG_WARN_RANGE_LOOP_ANALYSIS = YES;
				CLANG_WARN_STRICT_PROTOTYPES = YES;
				CLANG_WARN_SUSPICIOUS_MOVE = YES;
				CLANG_WARN_UNGUARDED_AVAILABILITY = YES_AGGRESSIVE;
				CLANG_WARN_UNREACHABLE_CODE = YES;
				CLANG_WARN__DUPLICATE_METHOD_MATCH = YES;
				COPY_PHASE_STRIP = NO;
				DEBUG_INFORMATION_FORMAT = dwarf;
				ENABLE_STRICT_OBJC_MSGSEND = YES;
				ENABLE_TESTABILITY = YES;
				GCC_C_LANGUAGE_STANDARD = gnu11;
				GCC_DYNAMIC_NO_PIC = NO;
				GCC_NO_COMMON_BLOCKS = YES;
				GCC_OPTIMIZATION_LEVEL = 0;
				GCC_PREPROCESSOR_DEFINITIONS = (
					"DEBUG=1",
					"$(inherited)",
				);
				GCC_WARN_64_TO_32_BIT_CONVERSION = YES;
				GCC_WARN_ABOUT_RETURN_TYPE = YES_ERROR;
				GCC_WARN_UNDECLARED_SELECTOR = YES;
				GCC_WARN_UNINITIALIZED_AUTOS = YES_AGGRESSIVE;
				GCC_WARN_UNUSED_FUNCTION = YES;
				GCC_WARN_UNUSED_VARIABLE = YES;
				IPHONEOS_DEPLOYMENT_TARGET = 15.5;
				MTL_ENABLE_DEBUG_INFO = INCLUDE_SOURCE;
				MTL_FAST_MATH = YES;
				ONLY_ACTIVE_ARCH = YES;
				SDKROOT = iphoneos;
				SWIFT_ACTIVE_COMPILATION_CONDITIONS = DEBUG;
				SWIFT_OPTIMIZATION_LEVEL = "-Onone";
			};
			name = Debug;
		};
		045617E440935E7A005B8220 /* Release */ = {
			isa = XCBuildConfiguration;
			buildSettings = {
				ALWAYS_SEARCH_USER_PATHS = NO;
				CLANG_ANALYZER_NONNULL = YES;
				CLANG_ANALYZER_NUMBER_OBJECT_CONVERSION = YES_AGGRESSIVE;
				CLANG_CXX_LANGUAGE_STANDARD = "gnu++17";
				CLANG_ENABLE_MODULES = YES;
				CLANG_ENABLE_OBJC_ARC = YES;
				CLANG_ENABLE_OBJC_WEAK = YES;
				CLANG_WARN_BLOCK_CAPTURE_AUTORELEASING = YES;
				CLANG_WARN_BOOL_CONVERSION = YES;
				CLANG_WARN_COMMA = YES;
				CLANG_WARN_CONSTANT_CONVERSION = YES;
				CLANG_WARN_DEPRECATED_OBJC_IMPLEMENTATIONS = YES;
				CLANG_WARN_DIRECT_OBJC_ISA_USAGE = YES_ERROR;
				CLANG_WARN_DOCUMENTATION_COMMENTS = YES;
				CLANG_WARN_EMPTY_BODY = YES;
				CLANG_WARN_ENUM_CONVERSION = YES;
				CLANG_WARN_INFINITE_RECURSION = YES;
				CLANG_WARN_INT_CONVERSION = YES;
				CLANG_WARN_NON_LITERAL_NULL_CONVERSION = YES;
				CLANG_WARN_OBJC_IMPLICIT_RETAIN_SELF = YES;
				CLANG_WARN_OBJC_LITERAL_CONVERSION = YES;
				CLANG_WARN_OBJC_ROOT_CLASS = YES_ERROR;
				CLANG_WARN_QUOTED_INCLUDE_IN_FRAMEWORK_HEADER = YES;
				CLANG_WARN_RANGE_LOOP_ANALYSIS = YES;
				CLANG_WARN_STRICT_PROTOTYPES = YES;
				CLANG_WARN_SUSPICIOUS_MOVE = YES;
				CLANG_WARN_UNGUARDED_AVAILABILITY = YES_AGGRESSIVE;
				CLANG_WARN_UNREACHABLE_CODE = YES;
				CLANG_WARN__DUPLICATE_METHOD_MATCH = YES;
				COPY_PHASE_STRIP = NO;
				DEBUG_INFORMATION_FORMAT = "dwarf-with-dsym";
				ENABLE_NS_ASSERTIONS = NO;
				ENABLE_STRICT_OBJC_MSGSEND = YES;
				GCC_C_LANGUAGE_STANDARD = gnu11;
				GCC_NO_COMMON_BLOCKS = YES;
				GCC_WARN_64_TO_32_BIT_CONVERSION = YES;
				GCC_WARN_ABOUT_RETURN_TYPE = YES_ERROR;
				GCC_WARN_UNDECLARED_SELECTOR = YES;
				GCC_WARN_UNINITIALIZED_AUTOS = YES_AGGRESSIVE;
				GCC_WARN_UNUSED_FUNCTION = YES;
				GCC_WARN_UNUSED_VARIABLE = YES;
				IPHONEOS_DEPLOYMENT_TARGET = 15.5;
				MTL_ENABLE_DEBUG_INFO = NO;
				MTL_FAST_MATH = YES;
				SDKROOT = iphoneos;
				SWIFT_COMPILATION_MODE = wholemodule;
				SWIFT_OPTIMIZATION_LEVEL = "-O";
				VALIDATE_PRODUCT = YES;
			};
			name = Release;
		};
		045617E640935E7A005B8220 /* Debug */ = {
			isa = XCBuildConfiguration;
			buildSettings = {
				ASSETCATALOG_COMPILER_APPICON_NAME = AppIcon;
				ASSETCATALOG_COMPILER_GLOBAL_ACCENT_COLOR_NAME = AccentColor;
				CODE_SIGN_STYLE = Automatic;
				CURRENT_PROJECT_VERSION = 1;
				GENERATE_INFOPLIST_FILE = YES;
				INFOPLIST_FILE = BackwordDataPassingModelClassClosure/Info.plist;
				INFOPLIST_KEY_UIApplicationSupportsIndirectInputEvents = YES;
				INFOPLIST_KEY_UILaunchStoryboardName = LaunchScreen;
				INFOPLIST_KEY_UIMainStoryboardFile = Main;
				INFOPLIST_KEY_UISupportedInterfaceOrientations_iPad = "UIInterfaceOrientationPortrait UIInterfaceOrientationPortraitUpsideDown UIInterfaceOrientationLandscapeLeft UIInterfaceOrientationLandscapeRight";
				INFOPLIST_KEY_UISupportedInterfaceOrientations_iPhone = "UIInterfaceOrientationPortrait UIInterfaceOrientationLandscapeLeft UIInterfaceOrientationLandscapeRight";
				LD_RUNPATH_SEARCH_PATHS = (
					"$(inherited)",
					"@executable_path/Frameworks",
				);
				MARKETING_VERSION = 1.0;
				PRODUCT_BUNDLE_IDENTIFIER = shubham.BackwordDataPassingModelClassClosure;
				PRODUCT_NAME = "$(TARGET_NAME)";
				SWIFT_EMIT_LOC_STRINGS = YES;
				SWIFT_VERSION = 5.0;
				TARGETED_DEVICE_FAMILY = "1,2";
			};
			name = Debug;
		};
		045617E740935E7A005B8220 /* Release */ = {
			isa = XCBuildConfiguration;
			buildSettings = {
				ASSETCATALOG_COMPILER_APPICON_NAME = AppIcon;
				ASSETCATALOG_COMPILER_GLOBAL_ACCENT_COLOR_NAME = AccentColor;
				CODE_SIGN_STYLE = Automatic;
				CURRENT_PROJECT_VERSION = 1;
				GENERATE_INFOPLIST_FILE = YES;
				INFOPLIST_FILE = BackwordDataPassingModelClassClosure/Info.plist;
				INFOPLIST_KEY_UIApplicationSupportsIndirectInputEvents = YES;
				INFOPLIST_KEY_UILaunchStoryboardName = LaunchScreen;
				INFOPLIST_KEY_UIMainStoryboardFile = Main;
				INFOPLIST_KEY_UISupportedInterfaceOrientations_iPad = "UIInterfaceOrientationPortrait UIInterfaceOrientationPortraitUpsideDown UIInterfaceOrientationLandscapeLeft UIInterfaceOrientationLandscapeRight";
				INFOPLIST_KEY_UISupportedInterfaceOrientations_iPhone = "UIInterfaceOrientationPortrait UIInterfaceOrientationLandscapeLeft UIInterfaceOrientationLandscapeRight";
				LD_RUNPATH_SEARCH_PATHS = (
					"$(inherited)",
					"@executable_path/Frameworks",
				);
				MARKETING_VERSION = 1.0;
				PRODUCT_BUNDLE_IDENTIFIER = shubham.BackwordDataPassingModelClassClosure;
				PRODUCT_NAME = "$(TARGET_NAME)";
				SWIFT_EMIT_LOC_STRINGS = YES;
				SWIFT_VERSION = 5.0;
				TARGETED_DEVICE_FAMILY = "1,2";
			};
			name = Release;
		};
		045617E940935E7A005B8220 /* Debug */ = {
			isa = XCBuildConfiguration;
			buildSettings = {
				ALWAYS_EMBED_SWIFT_STANDARD_LIBRARIES = YES;
				BUNDLE_LOADER = "$(TEST_HOST)";
				CODE_SIGN_STYLE = Automatic;
				CURRENT_PROJECT_VERSION = 1;
				GENERATE_INFOPLIST_FILE = YES;
				IPHONEOS_DEPLOYMENT_TARGET = 15.5;
				MARKETING_VERSION = 1.0;
				PRODUCT_BUNDLE_IDENTIFIER = shubham.BackwordDataPassingModelClassClosureTests;
				PRODUCT_NAME = "$(TARGET_NAME)";
				SWIFT_EMIT_LOC_STRINGS = NO;
				SWIFT_VERSION = 5.0;
				TARGETED_DEVICE_FAMILY = "1,2";
				TEST_HOST = "$(BUILT_PRODUCTS_DIR)/BackwordDataPassingModelClassClosure.app/BackwordDataPassingModelClassClosure";
			};
			name = Debug;
		};
		045617EA40935E7A005B8220 /* Release */ = {
			isa = XCBuildConfiguration;
			buildSettings = {
				ALWAYS_EMBED_SWIFT_STANDARD_LIBRARIES = YES;
				BUNDLE_LOADER = "$(TEST_HOST)";
				CODE_SIGN_STYLE = Automatic;
				CURRENT_PROJECT_VERSION = 1;
				GENERATE_INFOPLIST_FILE = YES;
				IPHONEOS_DEPLOYMENT_TARGET = 15.5;
				MARKETING_VERSION = 1.0;
				PRODUCT_BUNDLE_IDENTIFIER = shubham.BackwordDataPassingModelClassClosureTests;
				PRODUCT_NAME = "$(TARGET_NAME)";
				SWIFT_EMIT_LOC_STRINGS = NO;
				SWIFT_VERSION = 5.0;
				TARGETED_DEVICE_FAMILY = "1,2";
				TEST_HOST = "$(BUILT_PRODUCTS_DIR)/BackwordDataPassingModelClassClosure.app/BackwordDataPassingModelClassClosure";
			};
			name = Release;
		};
		045617EC40935E7A005B8220 /* Debug */ = {
			isa = XCBuildConfiguration;
			buildSettings = {
				ALWAYS_EMBED_SWIFT_STANDARD_LIBRARIES = YES;
				CODE_SIGN_STYLE = Automatic;
				CURRENT_PROJECT_VERSION = 1;
				GENERATE_INFOPLIST_FILE = YES;
				MARKETING_VERSION = 1.0;
				PRODUCT_BUNDLE_IDENTIFIER = shubham.BackwordDataPassingModelClassClosureUITests;
				PRODUCT_NAME = "$(TARGET_NAME)";
				SWIFT_EMIT_LOC_STRINGS = NO;
				SWIFT_VERSION = 5.0;
				TARGETED_DEVICE_FAMILY = "1,2";
				TEST_TARGET_NAME = BackwordDataPassingModelClassClosure;
			};
			name = Debug;
		};
		045617ED40935E7A005B8220 /* Release */ = {
			isa = XCBuildConfiguration;
			buildSettings = {
				ALWAYS_EMBED_SWIFT_STANDARD_LIBRARIES = YES;
				CODE_SIGN_STYLE = Automatic;
				CURRENT_PROJECT_VERSION = 1;
				GENERATE_INFOPLIST_FILE = YES;
				MARKETING_VERSION = 1.0;
				PRODUCT_BUNDLE_IDENTIFIER = shubham.BackwordDataPassingModelClassClosureUITests;
				PRODUCT_NAME = "$(TARGET_NAME)";
				SWIFT_EMIT_LOC_STRINGS = NO;
				SWIFT_VERSION = 5.0;
				TARGETED_DEVICE_FAMILY = "1,2";
				TEST_TARGET_NAME = BackwordDataPassingModelClassClosure;
			};
			name = Release;
		};
/* End XCBuildConfiguration section */

/* Begin XCConfigurationList section */
		045617B640935E77005B8220 /* Build configuration list for PBXProject "BackwordDataPassingModelClassClosure" */ = {
			isa = XCConfigurationList;
			buildConfigurations = (
				045617E340935E7A005B8220 /* Debug */,
				045617E440935E7A005B8220 /* Release */,
			);
			defaultConfigurationIsVisible = 0;
			defaultConfigurationName = Release;
		};
		045617E540935E7A005B8220 /* Build configuration list for PBXNativeTarget "BackwordDataPassingModelClassClosure" */ = {
			isa = XCConfigurationList;
			buildConfigurations = (
				045617E640935E7A005B8220 /* Debug */,
				045617E740935E7A005B8220 /* Release */,
			);
			defaultConfigurationIsVisible = 0;
			defaultConfigurationName = Release;
		};
		045617E840935E7A005B8220 /* Build configuration list for PBXNativeTarget "BackwordDataPassingModelClassClosureTests" */ = {
			isa = XCConfigurationList;
			buildConfigurations = (
				045617E940935E7A005B8220 /* Debug */,
				045617EA40935E7A005B8220 /* Release */,
			);
			defaultConfigurationIsVisible = 0;
			defaultConfigurationName = Release;
		};
		045617EB40935E7A005B8220 /* Build configuration list for PBXNativeTarget "BackwordDataPassingModelClassClosureUITests" */ = {
			isa = XCConfigurationList;
			buildConfigurations = (
				045617EC40935E7A005B8220 /* Debug */,
				045617ED40935E7A005B8220 /* Release */,
			);
			defaultConfigurationIsVisible = 0;
			defaultConfigurationName = Release;
		};
/* End XCConfigurationList section */
	};
	rootObject = 045617B340935E77005B8220 /* Project object */;
}
